{
  "version": 4,
  "terraform_version": "1.14.9",
  "serial": 1,
  "lineage": "8a0614dd-754b-7752-5edc-e76300a93101",
  "outputs": {},
  "resources": [
    {
      "mode": "managed",
      "type": "local_file",
      "name": "web_server_info",
      "provider": "provider[\"registry.terraform.io/hashicorp/local\"]",
      "instances": [
        {
          "schema_version": 0,
          "attributes": {
            "content": "Welcome to yes!",
            "content_base64": null,
            "content_base64sha256": "L9Pl+Ulsj89L9iz5NFDU8IRT18+Mi5p36cWZB94VbVI=",
            "content_base64sha512": "5C+0sofKEf18xVYi92fuDReHK6qK1lTJ54b59AjH5c5JrftcsjUfKEn235Y694HQtC2ZPEJB8NX5Kx8IqFZPCA==",
            "content_md5": "a9239e7ec4a86d3b038832304778bd06",
            "content_sha1": "cc518f7e1aef0dc3ca5a7178da2e93ffe0b67994",
            "content_sha256": "2fd3e5f9496c8fcf4bf62cf93450d4f08453d7cf8c8b9a77e9c59907de156d52",
            "content_sha512": "e42fb4b287ca11fd7cc55622f767ee0d17872baa8ad654c9e786f9f408c7e5ce49adfb5cb2351f2849f6df963af781d0b42d993c4241f0d5f92b1f08a8564f08",
            "directory_permission": "0777",
            "file_permission": "0777",
            "filename": "./../../yes.txt",
            "id": "cc518f7e1aef0dc3ca5a7178da2e93ffe0b67994",
            "sensitive_content": null,
            "source": null
          },
          "sensitive_attributes": [
            [
              {
                "type": "get_attr",
                "value": "sensitive_content"
              }
            ]
          ],
          "identity_schema_version": 0
        }
      ]
    }
  ],
  "check_results": null
}
